
Microsoft Visual Studio Solution File, Format Version 12.00
# Visual Studio 14
VisualStudioVersion = 14.0.25123.0
MinimumVisualStudioVersion = 10.0.40219.1
Project("{8BC9CEB8-8B4A-11D0-8D11-00A0C91BC942}") = "Tree", "Tree\Tree.vcxproj", "{67F1A0E4-B739-4FDC-B438-9727A3BD9DF3}"
EndProject
Project("{8BC9CEB8-8B4A-11D0-8D11-00A0C91BC942}") = "P0686_TRAVERSAL", "P0686_TRAVERSAL\P0686_TRAVERSAL.vcxproj", "{4CB50429-4C52-4C93-A13E-77F1512ACE50}"
EndProject
Project("{8BC9CEB8-8B4A-11D0-8D11-00A0C91BC942}") = "P0689_FORTRESS", "P0689_FORTRESS\P0689_FORTRESS.vcxproj", "{39116809-3ED1-4AF5-9850-9DEDB9F11C05}"
EndProject
Project("{8BC9CEB8-8B4A-11D0-8D11-00A0C91BC942}") = "P0718_INSERTION", "P718_INSERTION\P718_INSERTION.vcxproj", "{EB6E7AB3-8B59-42DF-82EA-DE0862C25767}"
EndProject
Project("{8BC9CEB8-8B4A-11D0-8D11-00A0C91BC942}") = "Treap", "Treap\Treap.vcxproj", "{0F0B941E-D694-4F53-BDD6-A5ABB7638644}"
EndProject
Project("{8BC9CEB8-8B4A-11D0-8D11-00A0C91BC942}") = "P0702_NERD2", "P0702_NERD2\P0702_NERD2.vcxproj", "{A51C9C5A-A9CF-43FB-A0FE-BBDAA8885EE5}"
EndProject
Project("{8BC9CEB8-8B4A-11D0-8D11-00A0C91BC942}") = "P0731_RUNNINGMEDIAN", "P0731_RUNNINGMEDIAN\P0731_RUNNINGMEDIAN.vcxproj", "{2D32BCA5-247E-4B55-9E69-6FF9732CA0FE}"
EndProject
Project("{8BC9CEB8-8B4A-11D0-8D11-00A0C91BC942}") = "RMQ_range_minimum_query", "RMQ_range_minimum_query\RMQ_range_minimum_query.vcxproj", "{B3C3FD98-8103-4AD8-9FEA-EE873E3174E1}"
EndProject
Project("{8BC9CEB8-8B4A-11D0-8D11-00A0C91BC942}") = "P0746_MORDOR", "P0746_MORDOR\P0746_MORDOR.vcxproj", "{71763D97-124B-44E3-B006-2B08FF713A79}"
EndProject
Project("{8BC9CEB8-8B4A-11D0-8D11-00A0C91BC942}") = "P0747_FAMILYTREE", "P0747_FAMILYTREE\P0747_FAMILYTREE.vcxproj", "{6B38C1E1-9631-444B-8746-FB17A8F9EE78}"
EndProject
Global
	GlobalSection(SolutionConfigurationPlatforms) = preSolution
		Debug|x64 = Debug|x64
		Debug|x86 = Debug|x86
		Release|x64 = Release|x64
		Release|x86 = Release|x86
	EndGlobalSection
	GlobalSection(ProjectConfigurationPlatforms) = postSolution
		{67F1A0E4-B739-4FDC-B438-9727A3BD9DF3}.Debug|x64.ActiveCfg = Debug|x64
		{67F1A0E4-B739-4FDC-B438-9727A3BD9DF3}.Debug|x64.Build.0 = Debug|x64
		{67F1A0E4-B739-4FDC-B438-9727A3BD9DF3}.Debug|x86.ActiveCfg = Debug|Win32
		{67F1A0E4-B739-4FDC-B438-9727A3BD9DF3}.Debug|x86.Build.0 = Debug|Win32
		{67F1A0E4-B739-4FDC-B438-9727A3BD9DF3}.Release|x64.ActiveCfg = Release|x64
		{67F1A0E4-B739-4FDC-B438-9727A3BD9DF3}.Release|x64.Build.0 = Release|x64
		{67F1A0E4-B739-4FDC-B438-9727A3BD9DF3}.Release|x86.ActiveCfg = Release|Win32
		{67F1A0E4-B739-4FDC-B438-9727A3BD9DF3}.Release|x86.Build.0 = Release|Win32
		{4CB50429-4C52-4C93-A13E-77F1512ACE50}.Debug|x64.ActiveCfg = Debug|x64
		{4CB50429-4C52-4C93-A13E-77F1512ACE50}.Debug|x64.Build.0 = Debug|x64
		{4CB50429-4C52-4C93-A13E-77F1512ACE50}.Debug|x86.ActiveCfg = Debug|Win32
		{4CB50429-4C52-4C93-A13E-77F1512ACE50}.Debug|x86.Build.0 = Debug|Win32
		{4CB50429-4C52-4C93-A13E-77F1512ACE50}.Release|x64.ActiveCfg = Release|x64
		{4CB50429-4C52-4C93-A13E-77F1512ACE50}.Release|x64.Build.0 = Release|x64
		{4CB50429-4C52-4C93-A13E-77F1512ACE50}.Release|x86.ActiveCfg = Release|Win32
		{4CB50429-4C52-4C93-A13E-77F1512ACE50}.Release|x86.Build.0 = Release|Win32
		{39116809-3ED1-4AF5-9850-9DEDB9F11C05}.Debug|x64.ActiveCfg = Debug|x64
		{39116809-3ED1-4AF5-9850-9DEDB9F11C05}.Debug|x64.Build.0 = Debug|x64
		{39116809-3ED1-4AF5-9850-9DEDB9F11C05}.Debug|x86.ActiveCfg = Debug|Win32
		{39116809-3ED1-4AF5-9850-9DEDB9F11C05}.Debug|x86.Build.0 = Debug|Win32
		{39116809-3ED1-4AF5-9850-9DEDB9F11C05}.Release|x64.ActiveCfg = Release|x64
		{39116809-3ED1-4AF5-9850-9DEDB9F11C05}.Release|x64.Build.0 = Release|x64
		{39116809-3ED1-4AF5-9850-9DEDB9F11C05}.Release|x86.ActiveCfg = Release|Win32
		{39116809-3ED1-4AF5-9850-9DEDB9F11C05}.Release|x86.Build.0 = Release|Win32
		{EB6E7AB3-8B59-42DF-82EA-DE0862C25767}.Debug|x64.ActiveCfg = Debug|x64
		{EB6E7AB3-8B59-42DF-82EA-DE0862C25767}.Debug|x64.Build.0 = Debug|x64
		{EB6E7AB3-8B59-42DF-82EA-DE0862C25767}.Debug|x86.ActiveCfg = Debug|Win32
		{EB6E7AB3-8B59-42DF-82EA-DE0862C25767}.Debug|x86.Build.0 = Debug|Win32
		{EB6E7AB3-8B59-42DF-82EA-DE0862C25767}.Release|x64.ActiveCfg = Release|x64
		{EB6E7AB3-8B59-42DF-82EA-DE0862C25767}.Release|x64.Build.0 = Release|x64
		{EB6E7AB3-8B59-42DF-82EA-DE0862C25767}.Release|x86.ActiveCfg = Release|Win32
		{EB6E7AB3-8B59-42DF-82EA-DE0862C25767}.Release|x86.Build.0 = Release|Win32
		{0F0B941E-D694-4F53-BDD6-A5ABB7638644}.Debug|x64.ActiveCfg = Debug|x64
		{0F0B941E-D694-4F53-BDD6-A5ABB7638644}.Debug|x64.Build.0 = Debug|x64
		{0F0B941E-D694-4F53-BDD6-A5ABB7638644}.Debug|x86.ActiveCfg = Debug|Win32
		{0F0B941E-D694-4F53-BDD6-A5ABB7638644}.Debug|x86.Build.0 = Debug|Win32
		{0F0B941E-D694-4F53-BDD6-A5ABB7638644}.Release|x64.ActiveCfg = Release|x64
		{0F0B941E-D694-4F53-BDD6-A5ABB7638644}.Release|x64.Build.0 = Release|x64
		{0F0B941E-D694-4F53-BDD6-A5ABB7638644}.Release|x86.ActiveCfg = Release|Win32
		{0F0B941E-D694-4F53-BDD6-A5ABB7638644}.Release|x86.Build.0 = Release|Win32
		{A51C9C5A-A9CF-43FB-A0FE-BBDAA8885EE5}.Debug|x64.ActiveCfg = Debug|x64
		{A51C9C5A-A9CF-43FB-A0FE-BBDAA8885EE5}.Debug|x64.Build.0 = Debug|x64
		{A51C9C5A-A9CF-43FB-A0FE-BBDAA8885EE5}.Debug|x86.ActiveCfg = Debug|Win32
		{A51C9C5A-A9CF-43FB-A0FE-BBDAA8885EE5}.Debug|x86.Build.0 = Debug|Win32
		{A51C9C5A-A9CF-43FB-A0FE-BBDAA8885EE5}.Release|x64.ActiveCfg = Release|x64
		{A51C9C5A-A9CF-43FB-A0FE-BBDAA8885EE5}.Release|x64.Build.0 = Release|x64
		{A51C9C5A-A9CF-43FB-A0FE-BBDAA8885EE5}.Release|x86.ActiveCfg = Release|Win32
		{A51C9C5A-A9CF-43FB-A0FE-BBDAA8885EE5}.Release|x86.Build.0 = Release|Win32
		{2D32BCA5-247E-4B55-9E69-6FF9732CA0FE}.Debug|x64.ActiveCfg = Debug|x64
		{2D32BCA5-247E-4B55-9E69-6FF9732CA0FE}.Debug|x64.Build.0 = Debug|x64
		{2D32BCA5-247E-4B55-9E69-6FF9732CA0FE}.Debug|x86.ActiveCfg = Debug|Win32
		{2D32BCA5-247E-4B55-9E69-6FF9732CA0FE}.Debug|x86.Build.0 = Debug|Win32
		{2D32BCA5-247E-4B55-9E69-6FF9732CA0FE}.Release|x64.ActiveCfg = Release|x64
		{2D32BCA5-247E-4B55-9E69-6FF9732CA0FE}.Release|x64.Build.0 = Release|x64
		{2D32BCA5-247E-4B55-9E69-6FF9732CA0FE}.Release|x86.ActiveCfg = Release|Win32
		{2D32BCA5-247E-4B55-9E69-6FF9732CA0FE}.Release|x86.Build.0 = Release|Win32
		{B3C3FD98-8103-4AD8-9FEA-EE873E3174E1}.Debug|x64.ActiveCfg = Debug|x64
		{B3C3FD98-8103-4AD8-9FEA-EE873E3174E1}.Debug|x64.Build.0 = Debug|x64
		{B3C3FD98-8103-4AD8-9FEA-EE873E3174E1}.Debug|x86.ActiveCfg = Debug|Win32
		{B3C3FD98-8103-4AD8-9FEA-EE873E3174E1}.Debug|x86.Build.0 = Debug|Win32
		{B3C3FD98-8103-4AD8-9FEA-EE873E3174E1}.Release|x64.ActiveCfg = Release|x64
		{B3C3FD98-8103-4AD8-9FEA-EE873E3174E1}.Release|x64.Build.0 = Release|x64
		{B3C3FD98-8103-4AD8-9FEA-EE873E3174E1}.Release|x86.ActiveCfg = Release|Win32
		{B3C3FD98-8103-4AD8-9FEA-EE873E3174E1}.Release|x86.Build.0 = Release|Win32
		{71763D97-124B-44E3-B006-2B08FF713A79}.Debug|x64.ActiveCfg = Debug|x64
		{71763D97-124B-44E3-B006-2B08FF713A79}.Debug|x64.Build.0 = Debug|x64
		{71763D97-124B-44E3-B006-2B08FF713A79}.Debug|x86.ActiveCfg = Debug|Win32
		{71763D97-124B-44E3-B006-2B08FF713A79}.Debug|x86.Build.0 = Debug|Win32
		{71763D97-124B-44E3-B006-2B08FF713A79}.Release|x64.ActiveCfg = Release|x64
		{71763D97-124B-44E3-B006-2B08FF713A79}.Release|x64.Build.0 = Release|x64
		{71763D97-124B-44E3-B006-2B08FF713A79}.Release|x86.ActiveCfg = Release|Win32
		{71763D97-124B-44E3-B006-2B08FF713A79}.Release|x86.Build.0 = Release|Win32
		{6B38C1E1-9631-444B-8746-FB17A8F9EE78}.Debug|x64.ActiveCfg = Debug|x64
		{6B38C1E1-9631-444B-8746-FB17A8F9EE78}.Debug|x64.Build.0 = Debug|x64
		{6B38C1E1-9631-444B-8746-FB17A8F9EE78}.Debug|x86.ActiveCfg = Debug|Win32
		{6B38C1E1-9631-444B-8746-FB17A8F9EE78}.Debug|x86.Build.0 = Debug|Win32
		{6B38C1E1-9631-444B-8746-FB17A8F9EE78}.Release|x64.ActiveCfg = Release|x64
		{6B38C1E1-9631-444B-8746-FB17A8F9EE78}.Release|x64.Build.0 = Release|x64
		{6B38C1E1-9631-444B-8746-FB17A8F9EE78}.Release|x86.ActiveCfg = Release|Win32
		{6B38C1E1-9631-444B-8746-FB17A8F9EE78}.Release|x86.Build.0 = Release|Win32
	EndGlobalSection
	GlobalSection(SolutionProperties) = preSolution
		HideSolutionNode = FALSE
	EndGlobalSection
EndGlobal
